
Microsoft Visual Studio Solution File, Format Version 12.00
# Visual Studio Version 16
VisualStudioVersion = 16.0.29306.81
MinimumVisualStudioVersion = 10.0.40219.1
Project("{9A19103F-16F7-4668-BE54-9A1E7A4F7556}") = "MySQLDAL", "MySQLDAL\MySQLDAL.csproj", "{1BB8600C-26F5-47AF-85C8-EBF0B93DACD4}"
EndProject
Project("{9A19103F-16F7-4668-BE54-9A1E7A4F7556}") = "CalcTrainerContracts", "CalcTrainerContracts\CalcTrainerContracts.csproj", "{C820EF8C-6B78-4BA2-A881-82CA0E7B2D72}"
EndProject
Project("{9A19103F-16F7-4668-BE54-9A1E7A4F7556}") = "CalcTrainer.Core", "CalcTrainer.Core\CalcTrainer.Core.csproj", "{FC0B9D5B-8826-409B-8873-8C0C93165968}"
EndProject
Project("{930C7802-8A8C-48F9-8165-68863BCCD9DD}") = "CalctrainerSetup", "CalctrainerSetup\CalctrainerSetup.wixproj", "{DFE95F3E-FA6C-464F-8D95-B9E0D3370975}"
EndProject
Project("{FAE04EC0-301F-11D3-BF4B-00C04F79EFBC}") = "CalcTrainer.Core.Tests", "CalcTrainer.Core.Tests\CalcTrainer.Core.Tests.csproj", "{AF083C33-D9C1-44C7-9F92-84101D183AB4}"
EndProject
Global
	GlobalSection(SolutionConfigurationPlatforms) = preSolution
		Debug|Any CPU = Debug|Any CPU
		Debug|x86 = Debug|x86
		Release|Any CPU = Release|Any CPU
		Release|x86 = Release|x86
	EndGlobalSection
	GlobalSection(ProjectConfigurationPlatforms) = postSolution
		{1BB8600C-26F5-47AF-85C8-EBF0B93DACD4}.Debug|Any CPU.ActiveCfg = Debug|Any CPU
		{1BB8600C-26F5-47AF-85C8-EBF0B93DACD4}.Debug|Any CPU.Build.0 = Debug|Any CPU
		{1BB8600C-26F5-47AF-85C8-EBF0B93DACD4}.Debug|x86.ActiveCfg = Debug|Any CPU
		{1BB8600C-26F5-47AF-85C8-EBF0B93DACD4}.Debug|x86.Build.0 = Debug|Any CPU
		{1BB8600C-26F5-47AF-85C8-EBF0B93DACD4}.Release|Any CPU.ActiveCfg = Release|Any CPU
		{1BB8600C-26F5-47AF-85C8-EBF0B93DACD4}.Release|Any CPU.Build.0 = Release|Any CPU
		{1BB8600C-26F5-47AF-85C8-EBF0B93DACD4}.Release|x86.ActiveCfg = Release|Any CPU
		{1BB8600C-26F5-47AF-85C8-EBF0B93DACD4}.Release|x86.Build.0 = Release|Any CPU
		{C820EF8C-6B78-4BA2-A881-82CA0E7B2D72}.Debug|Any CPU.ActiveCfg = Debug|Any CPU
		{C820EF8C-6B78-4BA2-A881-82CA0E7B2D72}.Debug|Any CPU.Build.0 = Debug|Any CPU
		{C820EF8C-6B78-4BA2-A881-82CA0E7B2D72}.Debug|x86.ActiveCfg = Debug|Any CPU
		{C820EF8C-6B78-4BA2-A881-82CA0E7B2D72}.Debug|x86.Build.0 = Debug|Any CPU
		{C820EF8C-6B78-4BA2-A881-82CA0E7B2D72}.Release|Any CPU.ActiveCfg = Release|Any CPU
		{C820EF8C-6B78-4BA2-A881-82CA0E7B2D72}.Release|Any CPU.Build.0 = Release|Any CPU
		{C820EF8C-6B78-4BA2-A881-82CA0E7B2D72}.Release|x86.ActiveCfg = Release|Any CPU
		{C820EF8C-6B78-4BA2-A881-82CA0E7B2D72}.Release|x86.Build.0 = Release|Any CPU
		{FC0B9D5B-8826-409B-8873-8C0C93165968}.Debug|Any CPU.ActiveCfg = Debug|Any CPU
		{FC0B9D5B-8826-409B-8873-8C0C93165968}.Debug|Any CPU.Build.0 = Debug|Any CPU
		{FC0B9D5B-8826-409B-8873-8C0C93165968}.Debug|x86.ActiveCfg = Debug|Any CPU
		{FC0B9D5B-8826-409B-8873-8C0C93165968}.Debug|x86.Build.0 = Debug|Any CPU
		{FC0B9D5B-8826-409B-8873-8C0C93165968}.Release|Any CPU.ActiveCfg = Release|Any CPU
		{FC0B9D5B-8826-409B-8873-8C0C93165968}.Release|Any CPU.Build.0 = Release|Any CPU
		{FC0B9D5B-8826-409B-8873-8C0C93165968}.Release|x86.ActiveCfg = Release|Any CPU
		{FC0B9D5B-8826-409B-8873-8C0C93165968}.Release|x86.Build.0 = Release|Any CPU
		{DFE95F3E-FA6C-464F-8D95-B9E0D3370975}.Debug|Any CPU.ActiveCfg = Debug|x86
		{DFE95F3E-FA6C-464F-8D95-B9E0D3370975}.Debug|x86.ActiveCfg = Debug|x86
		{DFE95F3E-FA6C-464F-8D95-B9E0D3370975}.Debug|x86.Build.0 = Debug|x86
		{DFE95F3E-FA6C-464F-8D95-B9E0D3370975}.Release|Any CPU.ActiveCfg = Release|x86
		{DFE95F3E-FA6C-464F-8D95-B9E0D3370975}.Release|x86.ActiveCfg = Release|x86
		{DFE95F3E-FA6C-464F-8D95-B9E0D3370975}.Release|x86.Build.0 = Release|x86
		{AF083C33-D9C1-44C7-9F92-84101D183AB4}.Debug|Any CPU.ActiveCfg = Debug|Any CPU
		{AF083C33-D9C1-44C7-9F92-84101D183AB4}.Debug|Any CPU.Build.0 = Debug|Any CPU
		{AF083C33-D9C1-44C7-9F92-84101D183AB4}.Debug|x86.ActiveCfg = Debug|Any CPU
		{AF083C33-D9C1-44C7-9F92-84101D183AB4}.Debug|x86.Build.0 = Debug|Any CPU
		{AF083C33-D9C1-44C7-9F92-84101D183AB4}.Release|Any CPU.ActiveCfg = Release|Any CPU
		{AF083C33-D9C1-44C7-9F92-84101D183AB4}.Release|Any CPU.Build.0 = Release|Any CPU
		{AF083C33-D9C1-44C7-9F92-84101D183AB4}.Release|x86.ActiveCfg = Release|Any CPU
		{AF083C33-D9C1-44C7-9F92-84101D183AB4}.Release|x86.Build.0 = Release|Any CPU
	EndGlobalSection
	GlobalSection(SolutionProperties) = preSolution
		HideSolutionNode = FALSE
	EndGlobalSection
	GlobalSection(ExtensibilityGlobals) = postSolution
		SolutionGuid = {F917C0BE-42E5-401A-B1FC-866447932DF4}
	EndGlobalSection
EndGlobal
