
Microsoft Visual Studio Solution File, Format Version 12.00
# Visual Studio Version 16
VisualStudioVersion = 16.0.29306.81
MinimumVisualStudioVersion = 10.0.40219.1
Project("{FAE04EC0-301F-11D3-BF4B-00C04F79EFBC}") = "Calctrainer", "Calctrainer\Calctrainer.csproj", "{FF14DE94-DF68-4E04-807E-5C20992FE693}"
EndProject
Global
	GlobalSection(SolutionConfigurationPlatforms) = preSolution
		Debug|Any CPU = Debug|Any CPU
		Release|Any CPU = Release|Any CPU
	EndGlobalSection
	GlobalSection(ProjectConfigurationPlatforms) = postSolution
		{FF14DE94-DF68-4E04-807E-5C20992FE693}.Debug|Any CPU.ActiveCfg = Debug|Any CPU
		{FF14DE94-DF68-4E04-807E-5C20992FE693}.Debug|Any CPU.Build.0 = Debug|Any CPU
		{FF14DE94-DF68-4E04-807E-5C20992FE693}.Release|Any CPU.ActiveCfg = Release|Any CPU
		{FF14DE94-DF68-4E04-807E-5C20992FE693}.Release|Any CPU.Build.0 = Release|Any CPU
	EndGlobalSection
	GlobalSection(SolutionProperties) = preSolution
		HideSolutionNode = FALSE
	EndGlobalSection
	GlobalSection(ExtensibilityGlobals) = postSolution
		SolutionGuid = {F917C0BE-42E5-401A-B1FC-866447932DF4}
	EndGlobalSection
EndGlobal
